
Microsoft Visual Studio Solution File, Format Version 12.00
# Visual Studio Version 17
VisualStudioVersion = 17.6.33815.320
MinimumVisualStudioVersion = 10.0.40219.1
Project("{9A19103F-16F7-4668-BE54-9A1E7A4F7556}") = "Servicio", "Servicio\Servicio.csproj", "{F776449B-D10C-43C1-8AB8-0046509F2089}"
EndProject
Global
	GlobalSection(SolutionConfigurationPlatforms) = preSolution
		Debug|Any CPU = Debug|Any CPU
		Release|Any CPU = Release|Any CPU
	EndGlobalSection
	GlobalSection(ProjectConfigurationPlatforms) = postSolution
		{F776449B-D10C-43C1-8AB8-0046509F2089}.Debug|Any CPU.ActiveCfg = Debug|Any CPU
		{F776449B-D10C-43C1-8AB8-0046509F2089}.Debug|Any CPU.Build.0 = Debug|Any CPU
		{F776449B-D10C-43C1-8AB8-0046509F2089}.Release|Any CPU.ActiveCfg = Release|Any CPU
		{F776449B-D10C-43C1-8AB8-0046509F2089}.Release|Any CPU.Build.0 = Release|Any CPU
	EndGlobalSection
	GlobalSection(SolutionProperties) = preSolution
		HideSolutionNode = FALSE
	EndGlobalSection
	GlobalSection(ExtensibilityGlobals) = postSolution
		SolutionGuid = {36C0929A-00D2-4A45-B066-48D62DB6B6AF}
	EndGlobalSection
EndGlobal
